
Microsoft Visual Studio Solution File, Format Version 12.00
# Visual Studio Version 17
VisualStudioVersion = 17.0.31903.59
MinimumVisualStudioVersion = 10.0.40219.1
Project("{2150E333-8FDC-42A3-9474-1A3956D46DE8}") = "Practica 1", "Practica 1", "{6913B9D1-3DFF-5881-05EA-E3D933ED1660}"
EndProject
Project("{FAE04EC0-301F-11D3-BF4B-00C04F79EFBC}") = "MauiFirstApp", "Practica 1\MauiFirstApp.csproj", "{F6D2BCB1-FEB4-4076-AA5B-083482D486D4}"
EndProject
Project("{2150E333-8FDC-42A3-9474-1A3956D46DE8}") = "Practica 2", "Practica 2", "{05187751-9829-4701-F6A3-A644FD15AB2E}"
EndProject
Project("{FAE04EC0-301F-11D3-BF4B-00C04F79EFBC}") = "MauiApp2MVVM", "Practica 2\MauiApp2MVVM.csproj", "{B367E769-1C4A-4F24-AFC1-D3F354B3C530}"
EndProject
Project("{2150E333-8FDC-42A3-9474-1A3956D46DE8}") = "Practica 3", "Practica 3", "{02EA681E-C7D8-13C7-8484-4AC65E1B71E8}"
EndProject
Project("{FAE04EC0-301F-11D3-BF4B-00C04F79EFBC}") = "Practica3MVVM", "Practica 3\Practica3MVVM.csproj", "{99242FC0-93AD-168C-D0EB-EDC239C09699}"
EndProject
Project("{2150E333-8FDC-42A3-9474-1A3956D46DE8}") = "Practica 4 con DI", "Practica 4 con DI", "{F7DA581D-2641-4786-9D26-4C0A8B60D4B2}"
EndProject
Project("{FAE04EC0-301F-11D3-BF4B-00C04F79EFBC}") = "HTTPmaui", "HTTPmaui\HTTPmaui.csproj", "{1908F622-8688-4871-A750-54364CDBD65E}"
EndProject
Project("{2150E333-8FDC-42A3-9474-1A3956D46DE8}") = "Practica 4", "Practica 4", "{D0DF5850-4B79-4CB0-9603-81E71928D7D3}"
EndProject
Project("{FAE04EC0-301F-11D3-BF4B-00C04F79EFBC}") = "Practica4sinDI", "Practica4sinDI\Practica4sinDI.csproj", "{A22D98AA-6881-458B-A9A4-0D73893EE633}"
EndProject
Project("{2150E333-8FDC-42A3-9474-1A3956D46DE8}") = "Practica 5 Imagenes", "Practica 5 Imagenes", "{6D0AA8D1-A9C7-4B83-9085-F3CE0FB72150}"
EndProject
Project("{FAE04EC0-301F-11D3-BF4B-00C04F79EFBC}") = "Practica 5 Imagenes", "Practica 5 Imagenes\Practica 5 Imagenes.csproj", "{37F472FC-FCCE-4760-9E3C-0E5CB480F2FE}"
EndProject
Project("{2150E333-8FDC-42A3-9474-1A3956D46DE8}") = "Practica 7", "Practica 7", "{27C54424-0BFF-D5EC-D7A0-CDB4D81032BA}"
EndProject
Project("{FAE04EC0-301F-11D3-BF4B-00C04F79EFBC}") = "QuizApp", "Practica 7\QuizApp\QuizApp.csproj", "{699ED220-4B65-4223-8188-AE19F379BF2D}"
EndProject
Project("{FAE04EC0-301F-11D3-BF4B-00C04F79EFBC}") = "Practica6Shell", "Practica6Shell\Practica6Shell.csproj", "{A8BD6A09-B7A2-45D6-B4E2-26F0247C9D7A}"
EndProject
Project("{2150E333-8FDC-42A3-9474-1A3956D46DE8}") = "Practica 8 Unidad 3 tema 1", "Practica 8 Unidad 3 tema 1", "{980EBCFC-13B5-4D59-A7E6-B200FAF93803}"
EndProject
Project("{FAE04EC0-301F-11D3-BF4B-00C04F79EFBC}") = "Persistencia1", "Persistencia1\Persistencia1.csproj", "{0CCB3BEA-48C1-4CCB-9486-21E83A7E644C}"
EndProject
Project("{2150E333-8FDC-42A3-9474-1A3956D46DE8}") = "Practica 9", "Practica 9", "{57F3A0AC-3EBC-4846-BE12-3C9F07A660EF}"
EndProject
Project("{FAE04EC0-301F-11D3-BF4B-00C04F79EFBC}") = "Practica 9", "Practica 9\Practica 9.csproj", "{8C4FF575-CC32-4CC8-A8EB-1F13961F2681}"
EndProject
Global
	GlobalSection(SolutionConfigurationPlatforms) = preSolution
		Debug|Any CPU = Debug|Any CPU
		Debug|x64 = Debug|x64
		Debug|x86 = Debug|x86
		Release|Any CPU = Release|Any CPU
		Release|x64 = Release|x64
		Release|x86 = Release|x86
	EndGlobalSection
	GlobalSection(ProjectConfigurationPlatforms) = postSolution
		{F6D2BCB1-FEB4-4076-AA5B-083482D486D4}.Debug|Any CPU.ActiveCfg = Debug|Any CPU
		{F6D2BCB1-FEB4-4076-AA5B-083482D486D4}.Debug|Any CPU.Build.0 = Debug|Any CPU
		{F6D2BCB1-FEB4-4076-AA5B-083482D486D4}.Debug|Any CPU.Deploy.0 = Debug|Any CPU
		{F6D2BCB1-FEB4-4076-AA5B-083482D486D4}.Debug|x64.ActiveCfg = Debug|Any CPU
		{F6D2BCB1-FEB4-4076-AA5B-083482D486D4}.Debug|x64.Build.0 = Debug|Any CPU
		{F6D2BCB1-FEB4-4076-AA5B-083482D486D4}.Debug|x86.ActiveCfg = Debug|Any CPU
		{F6D2BCB1-FEB4-4076-AA5B-083482D486D4}.Debug|x86.Build.0 = Debug|Any CPU
		{F6D2BCB1-FEB4-4076-AA5B-083482D486D4}.Release|Any CPU.ActiveCfg = Release|Any CPU
		{F6D2BCB1-FEB4-4076-AA5B-083482D486D4}.Release|Any CPU.Build.0 = Release|Any CPU
		{F6D2BCB1-FEB4-4076-AA5B-083482D486D4}.Release|x64.ActiveCfg = Release|Any CPU
		{F6D2BCB1-FEB4-4076-AA5B-083482D486D4}.Release|x64.Build.0 = Release|Any CPU
		{F6D2BCB1-FEB4-4076-AA5B-083482D486D4}.Release|x86.ActiveCfg = Release|Any CPU
		{F6D2BCB1-FEB4-4076-AA5B-083482D486D4}.Release|x86.Build.0 = Release|Any CPU
		{B367E769-1C4A-4F24-AFC1-D3F354B3C530}.Debug|Any CPU.ActiveCfg = Debug|Any CPU
		{B367E769-1C4A-4F24-AFC1-D3F354B3C530}.Debug|Any CPU.Build.0 = Debug|Any CPU
		{B367E769-1C4A-4F24-AFC1-D3F354B3C530}.Debug|Any CPU.Deploy.0 = Debug|Any CPU
		{B367E769-1C4A-4F24-AFC1-D3F354B3C530}.Debug|x64.ActiveCfg = Debug|Any CPU
		{B367E769-1C4A-4F24-AFC1-D3F354B3C530}.Debug|x64.Build.0 = Debug|Any CPU
		{B367E769-1C4A-4F24-AFC1-D3F354B3C530}.Debug|x86.ActiveCfg = Debug|Any CPU
		{B367E769-1C4A-4F24-AFC1-D3F354B3C530}.Debug|x86.Build.0 = Debug|Any CPU
		{B367E769-1C4A-4F24-AFC1-D3F354B3C530}.Release|Any CPU.ActiveCfg = Release|Any CPU
		{B367E769-1C4A-4F24-AFC1-D3F354B3C530}.Release|Any CPU.Build.0 = Release|Any CPU
		{B367E769-1C4A-4F24-AFC1-D3F354B3C530}.Release|x64.ActiveCfg = Release|Any CPU
		{B367E769-1C4A-4F24-AFC1-D3F354B3C530}.Release|x64.Build.0 = Release|Any CPU
		{B367E769-1C4A-4F24-AFC1-D3F354B3C530}.Release|x86.ActiveCfg = Release|Any CPU
		{B367E769-1C4A-4F24-AFC1-D3F354B3C530}.Release|x86.Build.0 = Release|Any CPU
		{99242FC0-93AD-168C-D0EB-EDC239C09699}.Debug|Any CPU.ActiveCfg = Debug|Any CPU
		{99242FC0-93AD-168C-D0EB-EDC239C09699}.Debug|Any CPU.Build.0 = Debug|Any CPU
		{99242FC0-93AD-168C-D0EB-EDC239C09699}.Debug|Any CPU.Deploy.0 = Debug|Any CPU
		{99242FC0-93AD-168C-D0EB-EDC239C09699}.Debug|x64.ActiveCfg = Debug|Any CPU
		{99242FC0-93AD-168C-D0EB-EDC239C09699}.Debug|x64.Build.0 = Debug|Any CPU
		{99242FC0-93AD-168C-D0EB-EDC239C09699}.Debug|x86.ActiveCfg = Debug|Any CPU
		{99242FC0-93AD-168C-D0EB-EDC239C09699}.Debug|x86.Build.0 = Debug|Any CPU
		{99242FC0-93AD-168C-D0EB-EDC239C09699}.Release|Any CPU.ActiveCfg = Release|Any CPU
		{99242FC0-93AD-168C-D0EB-EDC239C09699}.Release|Any CPU.Build.0 = Release|Any CPU
		{99242FC0-93AD-168C-D0EB-EDC239C09699}.Release|x64.ActiveCfg = Release|Any CPU
		{99242FC0-93AD-168C-D0EB-EDC239C09699}.Release|x64.Build.0 = Release|Any CPU
		{99242FC0-93AD-168C-D0EB-EDC239C09699}.Release|x86.ActiveCfg = Release|Any CPU
		{99242FC0-93AD-168C-D0EB-EDC239C09699}.Release|x86.Build.0 = Release|Any CPU
		{1908F622-8688-4871-A750-54364CDBD65E}.Debug|Any CPU.ActiveCfg = Debug|Any CPU
		{1908F622-8688-4871-A750-54364CDBD65E}.Debug|Any CPU.Build.0 = Debug|Any CPU
		{1908F622-8688-4871-A750-54364CDBD65E}.Debug|Any CPU.Deploy.0 = Debug|Any CPU
		{1908F622-8688-4871-A750-54364CDBD65E}.Debug|x64.ActiveCfg = Debug|Any CPU
		{1908F622-8688-4871-A750-54364CDBD65E}.Debug|x64.Build.0 = Debug|Any CPU
		{1908F622-8688-4871-A750-54364CDBD65E}.Debug|x86.ActiveCfg = Debug|Any CPU
		{1908F622-8688-4871-A750-54364CDBD65E}.Debug|x86.Build.0 = Debug|Any CPU
		{1908F622-8688-4871-A750-54364CDBD65E}.Release|Any CPU.ActiveCfg = Release|Any CPU
		{1908F622-8688-4871-A750-54364CDBD65E}.Release|Any CPU.Build.0 = Release|Any CPU
		{1908F622-8688-4871-A750-54364CDBD65E}.Release|x64.ActiveCfg = Release|Any CPU
		{1908F622-8688-4871-A750-54364CDBD65E}.Release|x64.Build.0 = Release|Any CPU
		{1908F622-8688-4871-A750-54364CDBD65E}.Release|x86.ActiveCfg = Release|Any CPU
		{1908F622-8688-4871-A750-54364CDBD65E}.Release|x86.Build.0 = Release|Any CPU
		{A22D98AA-6881-458B-A9A4-0D73893EE633}.Debug|Any CPU.ActiveCfg = Debug|Any CPU
		{A22D98AA-6881-458B-A9A4-0D73893EE633}.Debug|Any CPU.Build.0 = Debug|Any CPU
		{A22D98AA-6881-458B-A9A4-0D73893EE633}.Debug|Any CPU.Deploy.0 = Debug|Any CPU
		{A22D98AA-6881-458B-A9A4-0D73893EE633}.Debug|x64.ActiveCfg = Debug|Any CPU
		{A22D98AA-6881-458B-A9A4-0D73893EE633}.Debug|x64.Build.0 = Debug|Any CPU
		{A22D98AA-6881-458B-A9A4-0D73893EE633}.Debug|x86.ActiveCfg = Debug|Any CPU
		{A22D98AA-6881-458B-A9A4-0D73893EE633}.Debug|x86.Build.0 = Debug|Any CPU
		{A22D98AA-6881-458B-A9A4-0D73893EE633}.Release|Any CPU.ActiveCfg = Release|Any CPU
		{A22D98AA-6881-458B-A9A4-0D73893EE633}.Release|Any CPU.Build.0 = Release|Any CPU
		{A22D98AA-6881-458B-A9A4-0D73893EE633}.Release|x64.ActiveCfg = Release|Any CPU
		{A22D98AA-6881-458B-A9A4-0D73893EE633}.Release|x64.Build.0 = Release|Any CPU
		{A22D98AA-6881-458B-A9A4-0D73893EE633}.Release|x86.ActiveCfg = Release|Any CPU
		{A22D98AA-6881-458B-A9A4-0D73893EE633}.Release|x86.Build.0 = Release|Any CPU
		{37F472FC-FCCE-4760-9E3C-0E5CB480F2FE}.Debug|Any CPU.ActiveCfg = Debug|Any CPU
		{37F472FC-FCCE-4760-9E3C-0E5CB480F2FE}.Debug|Any CPU.Build.0 = Debug|Any CPU
		{37F472FC-FCCE-4760-9E3C-0E5CB480F2FE}.Debug|x64.ActiveCfg = Debug|Any CPU
		{37F472FC-FCCE-4760-9E3C-0E5CB480F2FE}.Debug|x64.Build.0 = Debug|Any CPU
		{37F472FC-FCCE-4760-9E3C-0E5CB480F2FE}.Debug|x86.ActiveCfg = Debug|Any CPU
		{37F472FC-FCCE-4760-9E3C-0E5CB480F2FE}.Debug|x86.Build.0 = Debug|Any CPU
		{37F472FC-FCCE-4760-9E3C-0E5CB480F2FE}.Release|Any CPU.ActiveCfg = Release|Any CPU
		{37F472FC-FCCE-4760-9E3C-0E5CB480F2FE}.Release|Any CPU.Build.0 = Release|Any CPU
		{37F472FC-FCCE-4760-9E3C-0E5CB480F2FE}.Release|x64.ActiveCfg = Release|Any CPU
		{37F472FC-FCCE-4760-9E3C-0E5CB480F2FE}.Release|x64.Build.0 = Release|Any CPU
		{37F472FC-FCCE-4760-9E3C-0E5CB480F2FE}.Release|x86.ActiveCfg = Release|Any CPU
		{37F472FC-FCCE-4760-9E3C-0E5CB480F2FE}.Release|x86.Build.0 = Release|Any CPU
		{699ED220-4B65-4223-8188-AE19F379BF2D}.Debug|Any CPU.ActiveCfg = Debug|Any CPU
		{699ED220-4B65-4223-8188-AE19F379BF2D}.Debug|Any CPU.Build.0 = Debug|Any CPU
		{699ED220-4B65-4223-8188-AE19F379BF2D}.Debug|x64.ActiveCfg = Debug|Any CPU
		{699ED220-4B65-4223-8188-AE19F379BF2D}.Debug|x64.Build.0 = Debug|Any CPU
		{699ED220-4B65-4223-8188-AE19F379BF2D}.Debug|x86.ActiveCfg = Debug|Any CPU
		{699ED220-4B65-4223-8188-AE19F379BF2D}.Debug|x86.Build.0 = Debug|Any CPU
		{699ED220-4B65-4223-8188-AE19F379BF2D}.Release|Any CPU.ActiveCfg = Release|Any CPU
		{699ED220-4B65-4223-8188-AE19F379BF2D}.Release|Any CPU.Build.0 = Release|Any CPU
		{699ED220-4B65-4223-8188-AE19F379BF2D}.Release|x64.ActiveCfg = Release|Any CPU
		{699ED220-4B65-4223-8188-AE19F379BF2D}.Release|x64.Build.0 = Release|Any CPU
		{699ED220-4B65-4223-8188-AE19F379BF2D}.Release|x86.ActiveCfg = Release|Any CPU
		{699ED220-4B65-4223-8188-AE19F379BF2D}.Release|x86.Build.0 = Release|Any CPU
		{A8BD6A09-B7A2-45D6-B4E2-26F0247C9D7A}.Debug|Any CPU.ActiveCfg = Debug|Any CPU
		{A8BD6A09-B7A2-45D6-B4E2-26F0247C9D7A}.Debug|Any CPU.Build.0 = Debug|Any CPU
		{A8BD6A09-B7A2-45D6-B4E2-26F0247C9D7A}.Debug|x64.ActiveCfg = Debug|Any CPU
		{A8BD6A09-B7A2-45D6-B4E2-26F0247C9D7A}.Debug|x64.Build.0 = Debug|Any CPU
		{A8BD6A09-B7A2-45D6-B4E2-26F0247C9D7A}.Debug|x86.ActiveCfg = Debug|Any CPU
		{A8BD6A09-B7A2-45D6-B4E2-26F0247C9D7A}.Debug|x86.Build.0 = Debug|Any CPU
		{A8BD6A09-B7A2-45D6-B4E2-26F0247C9D7A}.Release|Any CPU.ActiveCfg = Release|Any CPU
		{A8BD6A09-B7A2-45D6-B4E2-26F0247C9D7A}.Release|Any CPU.Build.0 = Release|Any CPU
		{A8BD6A09-B7A2-45D6-B4E2-26F0247C9D7A}.Release|x64.ActiveCfg = Release|Any CPU
		{A8BD6A09-B7A2-45D6-B4E2-26F0247C9D7A}.Release|x64.Build.0 = Release|Any CPU
		{A8BD6A09-B7A2-45D6-B4E2-26F0247C9D7A}.Release|x86.ActiveCfg = Release|Any CPU
		{A8BD6A09-B7A2-45D6-B4E2-26F0247C9D7A}.Release|x86.Build.0 = Release|Any CPU
		{0CCB3BEA-48C1-4CCB-9486-21E83A7E644C}.Debug|Any CPU.ActiveCfg = Debug|Any CPU
		{0CCB3BEA-48C1-4CCB-9486-21E83A7E644C}.Debug|Any CPU.Build.0 = Debug|Any CPU
		{0CCB3BEA-48C1-4CCB-9486-21E83A7E644C}.Debug|x64.ActiveCfg = Debug|Any CPU
		{0CCB3BEA-48C1-4CCB-9486-21E83A7E644C}.Debug|x64.Build.0 = Debug|Any CPU
		{0CCB3BEA-48C1-4CCB-9486-21E83A7E644C}.Debug|x86.ActiveCfg = Debug|Any CPU
		{0CCB3BEA-48C1-4CCB-9486-21E83A7E644C}.Debug|x86.Build.0 = Debug|Any CPU
		{0CCB3BEA-48C1-4CCB-9486-21E83A7E644C}.Release|Any CPU.ActiveCfg = Release|Any CPU
		{0CCB3BEA-48C1-4CCB-9486-21E83A7E644C}.Release|Any CPU.Build.0 = Release|Any CPU
		{0CCB3BEA-48C1-4CCB-9486-21E83A7E644C}.Release|x64.ActiveCfg = Release|Any CPU
		{0CCB3BEA-48C1-4CCB-9486-21E83A7E644C}.Release|x64.Build.0 = Release|Any CPU
		{0CCB3BEA-48C1-4CCB-9486-21E83A7E644C}.Release|x86.ActiveCfg = Release|Any CPU
		{0CCB3BEA-48C1-4CCB-9486-21E83A7E644C}.Release|x86.Build.0 = Release|Any CPU
		{8C4FF575-CC32-4CC8-A8EB-1F13961F2681}.Debug|Any CPU.ActiveCfg = Debug|Any CPU
		{8C4FF575-CC32-4CC8-A8EB-1F13961F2681}.Debug|Any CPU.Build.0 = Debug|Any CPU
		{8C4FF575-CC32-4CC8-A8EB-1F13961F2681}.Debug|x64.ActiveCfg = Debug|Any CPU
		{8C4FF575-CC32-4CC8-A8EB-1F13961F2681}.Debug|x64.Build.0 = Debug|Any CPU
		{8C4FF575-CC32-4CC8-A8EB-1F13961F2681}.Debug|x86.ActiveCfg = Debug|Any CPU
		{8C4FF575-CC32-4CC8-A8EB-1F13961F2681}.Debug|x86.Build.0 = Debug|Any CPU
		{8C4FF575-CC32-4CC8-A8EB-1F13961F2681}.Release|Any CPU.ActiveCfg = Release|Any CPU
		{8C4FF575-CC32-4CC8-A8EB-1F13961F2681}.Release|Any CPU.Build.0 = Release|Any CPU
		{8C4FF575-CC32-4CC8-A8EB-1F13961F2681}.Release|x64.ActiveCfg = Release|Any CPU
		{8C4FF575-CC32-4CC8-A8EB-1F13961F2681}.Release|x64.Build.0 = Release|Any CPU
		{8C4FF575-CC32-4CC8-A8EB-1F13961F2681}.Release|x86.ActiveCfg = Release|Any CPU
		{8C4FF575-CC32-4CC8-A8EB-1F13961F2681}.Release|x86.Build.0 = Release|Any CPU
	EndGlobalSection
	GlobalSection(SolutionProperties) = preSolution
		HideSolutionNode = FALSE
	EndGlobalSection
	GlobalSection(NestedProjects) = preSolution
		{F6D2BCB1-FEB4-4076-AA5B-083482D486D4} = {6913B9D1-3DFF-5881-05EA-E3D933ED1660}
		{B367E769-1C4A-4F24-AFC1-D3F354B3C530} = {05187751-9829-4701-F6A3-A644FD15AB2E}
		{99242FC0-93AD-168C-D0EB-EDC239C09699} = {02EA681E-C7D8-13C7-8484-4AC65E1B71E8}
		{1908F622-8688-4871-A750-54364CDBD65E} = {F7DA581D-2641-4786-9D26-4C0A8B60D4B2}
		{A22D98AA-6881-458B-A9A4-0D73893EE633} = {D0DF5850-4B79-4CB0-9603-81E71928D7D3}
		{37F472FC-FCCE-4760-9E3C-0E5CB480F2FE} = {6D0AA8D1-A9C7-4B83-9085-F3CE0FB72150}
		{699ED220-4B65-4223-8188-AE19F379BF2D} = {27C54424-0BFF-D5EC-D7A0-CDB4D81032BA}
		{0CCB3BEA-48C1-4CCB-9486-21E83A7E644C} = {980EBCFC-13B5-4D59-A7E6-B200FAF93803}
		{8C4FF575-CC32-4CC8-A8EB-1F13961F2681} = {57F3A0AC-3EBC-4846-BE12-3C9F07A660EF}
	EndGlobalSection
	GlobalSection(ExtensibilityGlobals) = postSolution
		SolutionGuid = {B38AB181-47A0-492F-B893-B12396845A97}
	EndGlobalSection
EndGlobal
